
Microsoft Visual Studio Solution File, Format Version 12.00
# Visual Studio Version 17
VisualStudioVersion = 17.14.36310.24 d17.14
MinimumVisualStudioVersion = 10.0.40219.1
Project("{FAE04EC0-301F-11D3-BF4B-00C04F79EFBC}") = "DeltaSchool", "DeltaSchool.csproj", "{772D8426-033F-40E2-BB27-656AF315418E}"
EndProject
Global
	GlobalSection(SolutionConfigurationPlatforms) = preSolution
		Debug|Any CPU = Debug|Any CPU
		Release|Any CPU = Release|Any CPU
	EndGlobalSection
	GlobalSection(ProjectConfigurationPlatforms) = postSolution
		{772D8426-033F-40E2-BB27-656AF315418E}.Debug|Any CPU.ActiveCfg = Debug|Any CPU
		{772D8426-033F-40E2-BB27-656AF315418E}.Debug|Any CPU.Build.0 = Debug|Any CPU
		{772D8426-033F-40E2-BB27-656AF315418E}.Release|Any CPU.ActiveCfg = Release|Any CPU
		{772D8426-033F-40E2-BB27-656AF315418E}.Release|Any CPU.Build.0 = Release|Any CPU
	EndGlobalSection
	GlobalSection(SolutionProperties) = preSolution
		HideSolutionNode = FALSE
	EndGlobalSection
	GlobalSection(ExtensibilityGlobals) = postSolution
		SolutionGuid = {C9304148-BFC7-4793-8CC0-6C1E78FA32EC}
	EndGlobalSection
EndGlobal
